
Microsoft Visual Studio Solution File, Format Version 12.00
# Visual Studio Version 17
VisualStudioVersion = 17.4.33403.182
MinimumVisualStudioVersion = 10.0.40219.1
Project("{9A19103F-16F7-4668-BE54-9A1E7A4F7556}") = "Stage0", "Stage0\Stage0.csproj", "{50A8FABA-1301-4526-9C84-A6F8369AA611}"
EndProject
Project("{2150E333-8FDC-42A3-9474-1A3956D46DE8}") = "Solution Items", "Solution Items", "{C367BF3D-9CC3-402B-8950-09360A6578D3}"
	ProjectSection(SolutionItems) = preProject
		README.md = README.md
	EndProjectSection
EndProject
Project("{9A19103F-16F7-4668-BE54-9A1E7A4F7556}") = "DalFacade", "DalFacade\DalFacade.csproj", "{E99BFF5A-E108-40B3-9823-16357DB7D559}"
EndProject
Project("{9A19103F-16F7-4668-BE54-9A1E7A4F7556}") = "DalList", "DalList\DalList.csproj", "{0D3D74A4-E0EB-4AE8-B271-2FDD05248105}"
EndProject
Project("{9A19103F-16F7-4668-BE54-9A1E7A4F7556}") = "DalTest", "DalTest\DalTest.csproj", "{F557F315-35A1-4423-8141-E5D6DBCE1955}"
EndProject
Project("{9A19103F-16F7-4668-BE54-9A1E7A4F7556}") = "DalXml", "DalXml\DalXml.csproj", "{ADE81BC2-2980-4897-9462-E56E59E17CCC}"
EndProject
Project("{2150E333-8FDC-42A3-9474-1A3956D46DE8}") = "xml", "xml", "{3D781E80-B1AD-42F7-BD75-1AED945C42E6}"
	ProjectSection(SolutionItems) = preProject
		xml\assignments.xml = xml\assignments.xml
		xml\dal-config.xml = xml\dal-config.xml
		xml\data-config.xml = xml\data-config.xml
		xml\studentcalls.xml = xml\studentcalls.xml
		xml\tutors.xml = xml\tutors.xml
	EndProjectSection
EndProject
Project("{9A19103F-16F7-4668-BE54-9A1E7A4F7556}") = "BL", "BL\BL.csproj", "{ABD5D9C2-7C55-4D2D-92C2-D0602A92E04E}"
EndProject
Project("{9A19103F-16F7-4668-BE54-9A1E7A4F7556}") = "BlTest", "BlTest\BlTest.csproj", "{809B8652-A9E4-4A63-A73E-F5B2C21C15C1}"
EndProject
Project("{FAE04EC0-301F-11D3-BF4B-00C04F79EFBC}") = "PL", "PL\PL.csproj", "{24B56619-7ECF-47AC-9C8F-3BBCE3EEF2AF}"
EndProject
Project("{2150E333-8FDC-42A3-9474-1A3956D46DE8}") = "libs", "libs", "{048CA989-4DE9-413B-8E64-0C4731662B82}"
	ProjectSection(SolutionItems) = preProject
		libs\BCrypt.Net-Next.dll = libs\BCrypt.Net-Next.dll
		libs\Microsoft.Web.WebView2.Core.dll = libs\Microsoft.Web.WebView2.Core.dll
		libs\Microsoft.Web.WebView2.Wpf.dll = libs\Microsoft.Web.WebView2.Wpf.dll
	EndProjectSection
EndProject
Global
	GlobalSection(SolutionConfigurationPlatforms) = preSolution
		Debug|Any CPU = Debug|Any CPU
		Release|Any CPU = Release|Any CPU
	EndGlobalSection
	GlobalSection(ProjectConfigurationPlatforms) = postSolution
		{50A8FABA-1301-4526-9C84-A6F8369AA611}.Debug|Any CPU.ActiveCfg = Debug|Any CPU
		{50A8FABA-1301-4526-9C84-A6F8369AA611}.Debug|Any CPU.Build.0 = Debug|Any CPU
		{50A8FABA-1301-4526-9C84-A6F8369AA611}.Release|Any CPU.ActiveCfg = Release|Any CPU
		{50A8FABA-1301-4526-9C84-A6F8369AA611}.Release|Any CPU.Build.0 = Release|Any CPU
		{E99BFF5A-E108-40B3-9823-16357DB7D559}.Debug|Any CPU.ActiveCfg = Debug|Any CPU
		{E99BFF5A-E108-40B3-9823-16357DB7D559}.Debug|Any CPU.Build.0 = Debug|Any CPU
		{E99BFF5A-E108-40B3-9823-16357DB7D559}.Release|Any CPU.ActiveCfg = Release|Any CPU
		{E99BFF5A-E108-40B3-9823-16357DB7D559}.Release|Any CPU.Build.0 = Release|Any CPU
		{0D3D74A4-E0EB-4AE8-B271-2FDD05248105}.Debug|Any CPU.ActiveCfg = Debug|Any CPU
		{0D3D74A4-E0EB-4AE8-B271-2FDD05248105}.Debug|Any CPU.Build.0 = Debug|Any CPU
		{0D3D74A4-E0EB-4AE8-B271-2FDD05248105}.Release|Any CPU.ActiveCfg = Release|Any CPU
		{0D3D74A4-E0EB-4AE8-B271-2FDD05248105}.Release|Any CPU.Build.0 = Release|Any CPU
		{F557F315-35A1-4423-8141-E5D6DBCE1955}.Debug|Any CPU.ActiveCfg = Debug|Any CPU
		{F557F315-35A1-4423-8141-E5D6DBCE1955}.Debug|Any CPU.Build.0 = Debug|Any CPU
		{F557F315-35A1-4423-8141-E5D6DBCE1955}.Release|Any CPU.ActiveCfg = Release|Any CPU
		{F557F315-35A1-4423-8141-E5D6DBCE1955}.Release|Any CPU.Build.0 = Release|Any CPU
		{ADE81BC2-2980-4897-9462-E56E59E17CCC}.Debug|Any CPU.ActiveCfg = Debug|Any CPU
		{ADE81BC2-2980-4897-9462-E56E59E17CCC}.Debug|Any CPU.Build.0 = Debug|Any CPU
		{ADE81BC2-2980-4897-9462-E56E59E17CCC}.Release|Any CPU.ActiveCfg = Release|Any CPU
		{ADE81BC2-2980-4897-9462-E56E59E17CCC}.Release|Any CPU.Build.0 = Release|Any CPU
		{ABD5D9C2-7C55-4D2D-92C2-D0602A92E04E}.Debug|Any CPU.ActiveCfg = Debug|Any CPU
		{ABD5D9C2-7C55-4D2D-92C2-D0602A92E04E}.Debug|Any CPU.Build.0 = Debug|Any CPU
		{ABD5D9C2-7C55-4D2D-92C2-D0602A92E04E}.Release|Any CPU.ActiveCfg = Release|Any CPU
		{ABD5D9C2-7C55-4D2D-92C2-D0602A92E04E}.Release|Any CPU.Build.0 = Release|Any CPU
		{809B8652-A9E4-4A63-A73E-F5B2C21C15C1}.Debug|Any CPU.ActiveCfg = Debug|Any CPU
		{809B8652-A9E4-4A63-A73E-F5B2C21C15C1}.Debug|Any CPU.Build.0 = Debug|Any CPU
		{809B8652-A9E4-4A63-A73E-F5B2C21C15C1}.Release|Any CPU.ActiveCfg = Release|Any CPU
		{809B8652-A9E4-4A63-A73E-F5B2C21C15C1}.Release|Any CPU.Build.0 = Release|Any CPU
		{24B56619-7ECF-47AC-9C8F-3BBCE3EEF2AF}.Debug|Any CPU.ActiveCfg = Debug|Any CPU
		{24B56619-7ECF-47AC-9C8F-3BBCE3EEF2AF}.Debug|Any CPU.Build.0 = Debug|Any CPU
		{24B56619-7ECF-47AC-9C8F-3BBCE3EEF2AF}.Release|Any CPU.ActiveCfg = Release|Any CPU
		{24B56619-7ECF-47AC-9C8F-3BBCE3EEF2AF}.Release|Any CPU.Build.0 = Release|Any CPU
	EndGlobalSection
	GlobalSection(SolutionProperties) = preSolution
		HideSolutionNode = FALSE
	EndGlobalSection
	GlobalSection(ExtensibilityGlobals) = postSolution
		SolutionGuid = {2CDB602D-916E-4708-9979-9634F06D1E04}
	EndGlobalSection
EndGlobal
